
Microsoft Visual Studio Solution File, Format Version 12.00
# Visual Studio Version 17
VisualStudioVersion = 17.5.33424.131
MinimumVisualStudioVersion = 10.0.40219.1
Project("{FAE04EC0-301F-11D3-BF4B-00C04F79EFBC}") = "ingatlanok-probavizsga", "ingatlanok-probavizsga\ingatlanok-probavizsga.csproj", "{5615CAD1-856B-4883-AAE3-D759FF4F68D6}"
EndProject
Global
	GlobalSection(SolutionConfigurationPlatforms) = preSolution
		Debug|Any CPU = Debug|Any CPU
		Release|Any CPU = Release|Any CPU
	EndGlobalSection
	GlobalSection(ProjectConfigurationPlatforms) = postSolution
		{5615CAD1-856B-4883-AAE3-D759FF4F68D6}.Debug|Any CPU.ActiveCfg = Debug|Any CPU
		{5615CAD1-856B-4883-AAE3-D759FF4F68D6}.Debug|Any CPU.Build.0 = Debug|Any CPU
		{5615CAD1-856B-4883-AAE3-D759FF4F68D6}.Release|Any CPU.ActiveCfg = Release|Any CPU
		{5615CAD1-856B-4883-AAE3-D759FF4F68D6}.Release|Any CPU.Build.0 = Release|Any CPU
	EndGlobalSection
	GlobalSection(SolutionProperties) = preSolution
		HideSolutionNode = FALSE
	EndGlobalSection
	GlobalSection(ExtensibilityGlobals) = postSolution
		SolutionGuid = {5F1EA7AE-F5CA-4135-99B5-301457C85725}
	EndGlobalSection
EndGlobal
